
Microsoft Visual Studio Solution File, Format Version 12.00
# Visual Studio Version 17
VisualStudioVersion = 17.7.34024.191
MinimumVisualStudioVersion = 10.0.40219.1
Project("{2150E333-8FDC-42A3-9474-1A3956D46DE8}") = "Services", "Services", "{CFEB348E-3D8D-46A5-8653-95BEE9D49BD5}"
EndProject
Project("{FAE04EC0-301F-11D3-BF4B-00C04F79EFBC}") = "Orders", "Services\Orders\Orders.csproj", "{1C3AF1A4-E3BE-480B-8252-913B51D333A6}"
EndProject
Project("{2150E333-8FDC-42A3-9474-1A3956D46DE8}") = "Orders", "Orders", "{70DA1332-960D-4FD9-8DBD-22B9C3554A69}"
EndProject
Project("{2150E333-8FDC-42A3-9474-1A3956D46DE8}") = "Products", "Products", "{9F5F6BE3-9729-45AA-B047-69FD959AD153}"
EndProject
Project("{2150E333-8FDC-42A3-9474-1A3956D46DE8}") = "Users", "Users", "{3F736ACC-E7D8-4EDC-B8AC-1A1D0EFBBCC8}"
EndProject
Project("{2150E333-8FDC-42A3-9474-1A3956D46DE8}") = "Addresses", "Addresses", "{A85DDE66-21C4-4CAD-9A1D-C9CAB20994CE}"
EndProject
Project("{FAE04EC0-301F-11D3-BF4B-00C04F79EFBC}") = "Addresses", "Services\Adresses\Addresses\Addresses.csproj", "{2920C4C5-F981-4B68-BBE9-984E5CF70E23}"
EndProject
Project("{FAE04EC0-301F-11D3-BF4B-00C04F79EFBC}") = "Products", "Services\Products\Products\Products.csproj", "{6746BDC5-F2B2-4BA5-B504-1934BD2F33F4}"
EndProject
Project("{FAE04EC0-301F-11D3-BF4B-00C04F79EFBC}") = "Users", "Services\Users\Users\Users.csproj", "{53E8F828-6D8F-4D6E-B6BB-1023169054BF}"
EndProject
Global
	GlobalSection(SolutionConfigurationPlatforms) = preSolution
		Debug|Any CPU = Debug|Any CPU
		Release|Any CPU = Release|Any CPU
	EndGlobalSection
	GlobalSection(ProjectConfigurationPlatforms) = postSolution
		{1C3AF1A4-E3BE-480B-8252-913B51D333A6}.Debug|Any CPU.ActiveCfg = Debug|Any CPU
		{1C3AF1A4-E3BE-480B-8252-913B51D333A6}.Debug|Any CPU.Build.0 = Debug|Any CPU
		{1C3AF1A4-E3BE-480B-8252-913B51D333A6}.Release|Any CPU.ActiveCfg = Release|Any CPU
		{1C3AF1A4-E3BE-480B-8252-913B51D333A6}.Release|Any CPU.Build.0 = Release|Any CPU
		{2920C4C5-F981-4B68-BBE9-984E5CF70E23}.Debug|Any CPU.ActiveCfg = Debug|Any CPU
		{2920C4C5-F981-4B68-BBE9-984E5CF70E23}.Debug|Any CPU.Build.0 = Debug|Any CPU
		{2920C4C5-F981-4B68-BBE9-984E5CF70E23}.Release|Any CPU.ActiveCfg = Release|Any CPU
		{2920C4C5-F981-4B68-BBE9-984E5CF70E23}.Release|Any CPU.Build.0 = Release|Any CPU
		{6746BDC5-F2B2-4BA5-B504-1934BD2F33F4}.Debug|Any CPU.ActiveCfg = Debug|Any CPU
		{6746BDC5-F2B2-4BA5-B504-1934BD2F33F4}.Debug|Any CPU.Build.0 = Debug|Any CPU
		{6746BDC5-F2B2-4BA5-B504-1934BD2F33F4}.Release|Any CPU.ActiveCfg = Release|Any CPU
		{6746BDC5-F2B2-4BA5-B504-1934BD2F33F4}.Release|Any CPU.Build.0 = Release|Any CPU
		{53E8F828-6D8F-4D6E-B6BB-1023169054BF}.Debug|Any CPU.ActiveCfg = Debug|Any CPU
		{53E8F828-6D8F-4D6E-B6BB-1023169054BF}.Debug|Any CPU.Build.0 = Debug|Any CPU
		{53E8F828-6D8F-4D6E-B6BB-1023169054BF}.Release|Any CPU.ActiveCfg = Release|Any CPU
		{53E8F828-6D8F-4D6E-B6BB-1023169054BF}.Release|Any CPU.Build.0 = Release|Any CPU
	EndGlobalSection
	GlobalSection(SolutionProperties) = preSolution
		HideSolutionNode = FALSE
	EndGlobalSection
	GlobalSection(NestedProjects) = preSolution
		{1C3AF1A4-E3BE-480B-8252-913B51D333A6} = {70DA1332-960D-4FD9-8DBD-22B9C3554A69}
		{70DA1332-960D-4FD9-8DBD-22B9C3554A69} = {CFEB348E-3D8D-46A5-8653-95BEE9D49BD5}
		{9F5F6BE3-9729-45AA-B047-69FD959AD153} = {CFEB348E-3D8D-46A5-8653-95BEE9D49BD5}
		{3F736ACC-E7D8-4EDC-B8AC-1A1D0EFBBCC8} = {CFEB348E-3D8D-46A5-8653-95BEE9D49BD5}
		{A85DDE66-21C4-4CAD-9A1D-C9CAB20994CE} = {CFEB348E-3D8D-46A5-8653-95BEE9D49BD5}
		{2920C4C5-F981-4B68-BBE9-984E5CF70E23} = {A85DDE66-21C4-4CAD-9A1D-C9CAB20994CE}
		{6746BDC5-F2B2-4BA5-B504-1934BD2F33F4} = {9F5F6BE3-9729-45AA-B047-69FD959AD153}
		{53E8F828-6D8F-4D6E-B6BB-1023169054BF} = {3F736ACC-E7D8-4EDC-B8AC-1A1D0EFBBCC8}
	EndGlobalSection
	GlobalSection(ExtensibilityGlobals) = postSolution
		SolutionGuid = {5195B600-94DE-40DB-BB08-621C645B47F7}
	EndGlobalSection
EndGlobal
