
Microsoft Visual Studio Solution File, Format Version 12.00
# Visual Studio Version 17
VisualStudioVersion = 17.7.34024.191
MinimumVisualStudioVersion = 10.0.40219.1
Project("{2150E333-8FDC-42A3-9474-1A3956D46DE8}") = "Services", "Services", "{8FA2B6B2-F4E1-48A7-88FC-67968BAFC73E}"
EndProject
Project("{9A19103F-16F7-4668-BE54-9A1E7A4F7556}") = "Addresses", "Services\Addresses\Addresses.csproj", "{2CDE6356-3A75-4524-90EF-760E305816EC}"
EndProject
Project("{9A19103F-16F7-4668-BE54-9A1E7A4F7556}") = "Products", "Services\Products\Products.csproj", "{76A8C0C7-D797-4A49-AC86-8E65FBDCF007}"
EndProject
Project("{9A19103F-16F7-4668-BE54-9A1E7A4F7556}") = "Orders", "Services\Orders\Orders.csproj", "{AA128B51-FE35-419D-93F2-6D85D9355AA6}"
EndProject
Project("{9A19103F-16F7-4668-BE54-9A1E7A4F7556}") = "Users", "Services\Users\Users.csproj", "{1AF68DEB-50BD-491F-9226-17EDA3CE1FBB}"
EndProject
Global
	GlobalSection(SolutionConfigurationPlatforms) = preSolution
		Debug|Any CPU = Debug|Any CPU
		Release|Any CPU = Release|Any CPU
	EndGlobalSection
	GlobalSection(ProjectConfigurationPlatforms) = postSolution
		{2CDE6356-3A75-4524-90EF-760E305816EC}.Debug|Any CPU.ActiveCfg = Debug|Any CPU
		{2CDE6356-3A75-4524-90EF-760E305816EC}.Debug|Any CPU.Build.0 = Debug|Any CPU
		{2CDE6356-3A75-4524-90EF-760E305816EC}.Release|Any CPU.ActiveCfg = Release|Any CPU
		{2CDE6356-3A75-4524-90EF-760E305816EC}.Release|Any CPU.Build.0 = Release|Any CPU
		{76A8C0C7-D797-4A49-AC86-8E65FBDCF007}.Debug|Any CPU.ActiveCfg = Debug|Any CPU
		{76A8C0C7-D797-4A49-AC86-8E65FBDCF007}.Debug|Any CPU.Build.0 = Debug|Any CPU
		{76A8C0C7-D797-4A49-AC86-8E65FBDCF007}.Release|Any CPU.ActiveCfg = Release|Any CPU
		{76A8C0C7-D797-4A49-AC86-8E65FBDCF007}.Release|Any CPU.Build.0 = Release|Any CPU
		{AA128B51-FE35-419D-93F2-6D85D9355AA6}.Debug|Any CPU.ActiveCfg = Debug|Any CPU
		{AA128B51-FE35-419D-93F2-6D85D9355AA6}.Debug|Any CPU.Build.0 = Debug|Any CPU
		{AA128B51-FE35-419D-93F2-6D85D9355AA6}.Release|Any CPU.ActiveCfg = Release|Any CPU
		{AA128B51-FE35-419D-93F2-6D85D9355AA6}.Release|Any CPU.Build.0 = Release|Any CPU
		{1AF68DEB-50BD-491F-9226-17EDA3CE1FBB}.Debug|Any CPU.ActiveCfg = Debug|Any CPU
		{1AF68DEB-50BD-491F-9226-17EDA3CE1FBB}.Debug|Any CPU.Build.0 = Debug|Any CPU
		{1AF68DEB-50BD-491F-9226-17EDA3CE1FBB}.Release|Any CPU.ActiveCfg = Release|Any CPU
		{1AF68DEB-50BD-491F-9226-17EDA3CE1FBB}.Release|Any CPU.Build.0 = Release|Any CPU
	EndGlobalSection
	GlobalSection(SolutionProperties) = preSolution
		HideSolutionNode = FALSE
	EndGlobalSection
	GlobalSection(NestedProjects) = preSolution
		{2CDE6356-3A75-4524-90EF-760E305816EC} = {8FA2B6B2-F4E1-48A7-88FC-67968BAFC73E}
		{76A8C0C7-D797-4A49-AC86-8E65FBDCF007} = {8FA2B6B2-F4E1-48A7-88FC-67968BAFC73E}
		{AA128B51-FE35-419D-93F2-6D85D9355AA6} = {8FA2B6B2-F4E1-48A7-88FC-67968BAFC73E}
		{1AF68DEB-50BD-491F-9226-17EDA3CE1FBB} = {8FA2B6B2-F4E1-48A7-88FC-67968BAFC73E}
	EndGlobalSection
	GlobalSection(ExtensibilityGlobals) = postSolution
		SolutionGuid = {5195B600-94DE-40DB-BB08-621C645B47F7}
	EndGlobalSection
EndGlobal
